# This file was autogenerated by Stack.
# You should not edit this file by hand.
# For more information, please see the documentation at:
#   https://docs.haskellstack.org/en/stable/topics/lock_files

packages:
- completed:
    hackage: Earley-0.13.0.1@sha256:266f3ba67527ba4e7f62f2ab78b836f8dc1993ead5d03ab3cc739f9675b95be2,4706
    pantry-tree:
      sha256: f9dfb94f91bac779351383f76a9e1be5dfc2e7494d5626755ba58eed6e3c7b64
      size: 2113
  original:
    hackage: Earley-0.13.0.1
- completed:
    hackage: text-2.1.1@sha256:94352aa4f11a1a1ec075e7c3673e9b57099bf88208f68d81d33615b605f2bdba,10653
    pantry-tree:
      sha256: 4ac0285440c454cb889165f6c49de9d894fd14dc7750a1e34216b87871f2316b
      size: 8413
  original:
    hackage: text-2.1.1
snapshots:
- completed:
    sha256: f4a61482dcad21151331bf84ec85bee9be43965f143791fa4bb202ac1e443e1b
    size: 683833
    url: https://raw.githubusercontent.com/commercialhaskell/stackage-snapshots/master/lts/23/21.yaml
  original:
    url: https://raw.githubusercontent.com/commercialhaskell/stackage-snapshots/master/lts/23/21.yaml
